// !$*UTF8*$!
{
	archiveVersion = 1;
	classes = {
	};
	objectVersion = 52;
	objects = {

/* Begin PBXBuildFile section */
		0D0CEA7A230FB41A0044C3B7 /* ARKitCameraViewController+PhotoGallery.swift in Sources */ = {isa = PBXBuildFile; fileRef = 0D0CEA79230FB41A0044C3B7 /* ARKitCameraViewController+PhotoGallery.swift */; };
		0D0CEA7E230FBB870044C3B7 /* VHImage.swift in Sources */ = {isa = PBXBuildFile; fileRef = 0D0CEA7D230FBB870044C3B7 /* VHImage.swift */; };
		0D1C5AFB22BF605C0002C892 /* ARKitCameraViewController+Extensions.swift in Sources */ = {isa = PBXBuildFile; fileRef = 0D1C5AFA22BF605C0002C892 /* ARKitCameraViewController+Extensions.swift */; };
		0D1C5B0022BF62850002C892 /* CameraViewConstraints.swift in Sources */ = {isa = PBXBuildFile; fileRef = 0D1C5AFF22BF62850002C892 /* CameraViewConstraints.swift */; };
		0D1C5B0222BF64860002C892 /* ARKit+Extensions.swift in Sources */ = {isa = PBXBuildFile; fileRef = 0D1C5B0122BF64860002C892 /* ARKit+Extensions.swift */; };
		0D1C5B0522BF67F10002C892 /* NonARCameraViewController+Extensions.swift in Sources */ = {isa = PBXBuildFile; fileRef = 0D1C5B0422BF67F10002C892 /* NonARCameraViewController+Extensions.swift */; };
		0D1E580522D431890005941C /* DarkModeManager.swift in Sources */ = {isa = PBXBuildFile; fileRef = 0D1E580422D431880005941C /* DarkModeManager.swift */; };
		0D1F293023329A7500A32831 /* InfoBodyView.swift in Sources */ = {isa = PBXBuildFile; fileRef = 0D1F292F23329A7500A32831 /* InfoBodyView.swift */; };
		0D1F29342332A03700A32831 /* VHRoundedButton.swift in Sources */ = {isa = PBXBuildFile; fileRef = 0D1F29332332A03700A32831 /* VHRoundedButton.swift */; };
		0D23BB71231232FD00F032F6 /* FeaturesAccessibilityElement.swift in Sources */ = {isa = PBXBuildFile; fileRef = 0D23BB70231232FD00F032F6 /* FeaturesAccessibilityElement.swift */; };
		0D23BB7423127AFA00F032F6 /* ARKitCameraViewController+Accessibility.swift in Sources */ = {isa = PBXBuildFile; fileRef = 0D23BB7323127AFA00F032F6 /* ARKitCameraViewController+Accessibility.swift */; };
		0D268653231B466E00A9354E /* VHCloseButton.swift in Sources */ = {isa = PBXBuildFile; fileRef = 0D268652231B466E00A9354E /* VHCloseButton.swift */; };
		0D40E825230A890F006E5598 /* RecognizedContentViewController.swift in Sources */ = {isa = PBXBuildFile; fileRef = 0D40E824230A88AA006E5598 /* RecognizedContentViewController.swift */; };
		0D5346F022C313C900103306 /* loading_beep.wav in Resources */ = {isa = PBXBuildFile; fileRef = 0D5346EF22C313C900103306 /* loading_beep.wav */; };
		0D5346F522C5630F00103306 /* LoadingRippleView.swift in Sources */ = {isa = PBXBuildFile; fileRef = 0D5346F422C5630F00103306 /* LoadingRippleView.swift */; };
		0D59219B22C5991400BBAAFD /* Feature.swift in Sources */ = {isa = PBXBuildFile; fileRef = 0D59219A22C5991400BBAAFD /* Feature.swift */; };
		0D93683822D8678C0040FD58 /* FeaturesManager.swift in Sources */ = {isa = PBXBuildFile; fileRef = 0D93683722D8678C0040FD58 /* FeaturesManager.swift */; };
		0D93683A22D868630040FD58 /* FeaturesCollectionViewCell.swift in Sources */ = {isa = PBXBuildFile; fileRef = 0D93683922D868630040FD58 /* FeaturesCollectionViewCell.swift */; };
		0D95531E22B9FC6E00B17581 /* FastRecognizedContentViewController.swift in Sources */ = {isa = PBXBuildFile; fileRef = 0D95531D22B9FC6E00B17581 /* FastRecognizedContentViewController.swift */; };
		0D95532122BA3E5100B17581 /* LogoView.swift in Sources */ = {isa = PBXBuildFile; fileRef = 0D95532022BA3E5100B17581 /* LogoView.swift */; };
		0DA42CAE22D875F100B4A5FD /* FeaturesCollectionView.swift in Sources */ = {isa = PBXBuildFile; fileRef = 0DA42CAD22D875F100B4A5FD /* FeaturesCollectionView.swift */; };
		0DB05AFA24786D27007DF360 /* GoogleService-Info.plist in Resources */ = {isa = PBXBuildFile; fileRef = 0DB05AF924786D27007DF360 /* GoogleService-Info.plist */; };
		0DB8A87D2134F3FB0005D168 /* ConfigurationManager.swift in Sources */ = {isa = PBXBuildFile; fileRef = 0DB8A87C2134F3FB0005D168 /* ConfigurationManager.swift */; };
		0DB8A87F2134F6670005D168 /* RemoteConfig.plist in Resources */ = {isa = PBXBuildFile; fileRef = 0DB8A87E2134F6670005D168 /* RemoteConfig.plist */; };
		0DD740F224844DE5007E09B6 /* ARKitCameraViewController+ImageClassification.swift in Sources */ = {isa = PBXBuildFile; fileRef = 0DD740F124844DE5007E09B6 /* ARKitCameraViewController+ImageClassification.swift */; };
		0DE59474230A23FD00A1D8F8 /* CameraShutterButtonView.swift in Sources */ = {isa = PBXBuildFile; fileRef = 0DE59473230A23FD00A1D8F8 /* CameraShutterButtonView.swift */; };
		0DE59477230A4EF900A1D8F8 /* VHCameraButton.swift in Sources */ = {isa = PBXBuildFile; fileRef = 0DE59476230A4EF900A1D8F8 /* VHCameraButton.swift */; };
		0DE5947B230A744000A1D8F8 /* VhistaSoundManager.swift in Sources */ = {isa = PBXBuildFile; fileRef = 0DE5947A230A744000A1D8F8 /* VhistaSoundManager.swift */; };
		0DE5947F230A756100A1D8F8 /* ARKitCameraViewController+Session.swift in Sources */ = {isa = PBXBuildFile; fileRef = 0DE5947E230A756100A1D8F8 /* ARKitCameraViewController+Session.swift */; };
		0DF0B00E231ADDBC00EA4BC0 /* InfoViewController.swift in Sources */ = {isa = PBXBuildFile; fileRef = 0DF0B00D231ADDBC00EA4BC0 /* InfoViewController.swift */; };
		0DF0B012231ADE1A00EA4BC0 /* InfoHeaderView.swift in Sources */ = {isa = PBXBuildFile; fileRef = 0DF0B011231ADE1A00EA4BC0 /* InfoHeaderView.swift */; };
		0DF0B016231AE60500EA4BC0 /* InfoFooterView.swift in Sources */ = {isa = PBXBuildFile; fileRef = 0DF0B015231AE60500EA4BC0 /* InfoFooterView.swift */; };
		0DF120FB211F507500177FC5 /* Inceptionv3.mlmodel in Sources */ = {isa = PBXBuildFile; fileRef = 0DF120FA211F507400177FC5 /* Inceptionv3.mlmodel */; };
		0DF848A6230A0CA7004FDE5A /* VHBottomNavigationToolbar.swift in Sources */ = {isa = PBXBuildFile; fileRef = 0DF848A5230A0CA7004FDE5A /* VHBottomNavigationToolbar.swift */; };
		2B71F0FE1F327150005F4219 /* VhistaSpeechManager.swift in Sources */ = {isa = PBXBuildFile; fileRef = 2B71F0FD1F327150005F4219 /* VhistaSpeechManager.swift */; };
		2B7503841F31936E007D4AFF /* AppDelegate.swift in Sources */ = {isa = PBXBuildFile; fileRef = 2B7503831F31936E007D4AFF /* AppDelegate.swift */; };
		2B7503891F31936E007D4AFF /* Main.storyboard in Resources */ = {isa = PBXBuildFile; fileRef = 2B7503871F31936E007D4AFF /* Main.storyboard */; };
		2B75038B1F31936E007D4AFF /* Assets.xcassets in Resources */ = {isa = PBXBuildFile; fileRef = 2B75038A1F31936E007D4AFF /* Assets.xcassets */; };
		2B75038E1F31936E007D4AFF /* LaunchScreen.storyboard in Resources */ = {isa = PBXBuildFile; fileRef = 2B75038C1F31936E007D4AFF /* LaunchScreen.storyboard */; };
		2BF5EE691F46155B009E49D7 /* VhistaReachabilityManager.swift in Sources */ = {isa = PBXBuildFile; fileRef = 2BF5EE681F46155B009E49D7 /* VhistaReachabilityManager.swift */; };
		63342CD820B0BE0900E397E6 /* SecureConstants.swift in Sources */ = {isa = PBXBuildFile; fileRef = 63342CD720B0BE0900E397E6 /* SecureConstants.swift */; };
		63342CDC20B0BE9E00E397E6 /* Translator.swift in Sources */ = {isa = PBXBuildFile; fileRef = 63342CDB20B0BE9D00E397E6 /* Translator.swift */; };
		63342CDE20B0BEAB00E397E6 /* Analytics.swift in Sources */ = {isa = PBXBuildFile; fileRef = 63342CDD20B0BEAB00E397E6 /* Analytics.swift */; };
		63342CE420B0BF4700E397E6 /* Constants.swift in Sources */ = {isa = PBXBuildFile; fileRef = 63342CE320B0BF4700E397E6 /* Constants.swift */; };
		6345D64F25612AE500DD12C5 /* AFNetworking in Frameworks */ = {isa = PBXBuildFile; productRef = 6345D64E25612AE500DD12C5 /* AFNetworking */; };
		6345D65325612B3300DD12C5 /* Alamofire in Frameworks */ = {isa = PBXBuildFile; productRef = 6345D65225612B3300DD12C5 /* Alamofire */; };
		6345D66C25612BE300DD12C5 /* ComputerVisionManager.swift in Sources */ = {isa = PBXBuildFile; fileRef = 6345D66A25612BE300DD12C5 /* ComputerVisionManager.swift */; };
		6345D66D25612BE300DD12C5 /* CVResponse.swift in Sources */ = {isa = PBXBuildFile; fileRef = 6345D66B25612BE300DD12C5 /* CVResponse.swift */; };
		6345D67125612C1400DD12C5 /* ARKitCameraViewController+ContextualFeature.swift in Sources */ = {isa = PBXBuildFile; fileRef = 6345D67025612C1400DD12C5 /* ARKitCameraViewController+ContextualFeature.swift */; };
		6345D67625612D7400DD12C5 /* FirebaseAnalytics in Frameworks */ = {isa = PBXBuildFile; productRef = 6345D67525612D7400DD12C5 /* FirebaseAnalytics */; };
		6345D67825612D7400DD12C5 /* FirebaseRemoteConfig in Frameworks */ = {isa = PBXBuildFile; productRef = 6345D67725612D7400DD12C5 /* FirebaseRemoteConfig */; };
		6345D67A25612D7400DD12C5 /* FirebaseCrashlytics in Frameworks */ = {isa = PBXBuildFile; productRef = 6345D67925612D7400DD12C5 /* FirebaseCrashlytics */; };
		6345D692256130BC00DD12C5 /* Item.swift in Sources */ = {isa = PBXBuildFile; fileRef = 6345D685256130BC00DD12C5 /* Item.swift */; };
		6345D694256130BC00DD12C5 /* RadarViewProtocol.swift in Sources */ = {isa = PBXBuildFile; fileRef = 6345D687256130BC00DD12C5 /* RadarViewProtocol.swift */; };
		6345D695256130BC00DD12C5 /* Geometry.swift in Sources */ = {isa = PBXBuildFile; fileRef = 6345D689256130BC00DD12C5 /* Geometry.swift */; };
		6345D696256130BC00DD12C5 /* Drawer.swift in Sources */ = {isa = PBXBuildFile; fileRef = 6345D68A256130BC00DD12C5 /* Drawer.swift */; };
		6345D697256130BC00DD12C5 /* Animation.swift in Sources */ = {isa = PBXBuildFile; fileRef = 6345D68B256130BC00DD12C5 /* Animation.swift */; };
		6345D698256130BC00DD12C5 /* UIColor.swift in Sources */ = {isa = PBXBuildFile; fileRef = 6345D68C256130BC00DD12C5 /* UIColor.swift */; };
		6345D699256130BC00DD12C5 /* RippleView.swift in Sources */ = {isa = PBXBuildFile; fileRef = 6345D68D256130BC00DD12C5 /* RippleView.swift */; };
		6345D69A256130BC00DD12C5 /* RadarView.swift in Sources */ = {isa = PBXBuildFile; fileRef = 6345D68E256130BC00DD12C5 /* RadarView.swift */; };
		6345D69B256130BC00DD12C5 /* ItemLayer.swift in Sources */ = {isa = PBXBuildFile; fileRef = 6345D68F256130BC00DD12C5 /* ItemLayer.swift */; };
		6393B09B204E11A60040A6CF /* UIViewController+Extensions.swift in Sources */ = {isa = PBXBuildFile; fileRef = 6393B09A204E11A60040A6CF /* UIViewController+Extensions.swift */; };
		6393B09D204E2D280040A6CF /* UIView+Extensions.swift in Sources */ = {isa = PBXBuildFile; fileRef = 6393B09C204E2D280040A6CF /* UIView+Extensions.swift */; };
		6393B09F204F0E660040A6CF /* CGImage+Extensions.swift in Sources */ = {isa = PBXBuildFile; fileRef = 6393B09E204F0E660040A6CF /* CGImage+Extensions.swift */; };
		6393B0A1204F0FF70040A6CF /* ARKitCameraViewController.swift in Sources */ = {isa = PBXBuildFile; fileRef = 6393B0A0204F0FF70040A6CF /* ARKitCameraViewController.swift */; };
		6393B0A4204F10F80040A6CF /* LandingViewController.swift in Sources */ = {isa = PBXBuildFile; fileRef = 6393B0A3204F10F80040A6CF /* LandingViewController.swift */; };
		6393B0A6204F23920040A6CF /* ClassificationsManager.swift in Sources */ = {isa = PBXBuildFile; fileRef = 6393B0A5204F23920040A6CF /* ClassificationsManager.swift */; };
		6393B0A8204F290B0040A6CF /* CameraManager.swift in Sources */ = {isa = PBXBuildFile; fileRef = 6393B0A7204F290B0040A6CF /* CameraManager.swift */; };
		63CB612B20AA2503004982EF /* UIImage+Extensions.swift in Sources */ = {isa = PBXBuildFile; fileRef = 63CB612A20AA2503004982EF /* UIImage+Extensions.swift */; };
		9A7AEDDD20FBD26D00430A25 /* DistanceManager.swift in Sources */ = {isa = PBXBuildFile; fileRef = 9A7AEDDC20FBD26D00430A25 /* DistanceManager.swift */; };
		9A9AFD631F48CD5E00172469 /* Localizable.strings in Resources */ = {isa = PBXBuildFile; fileRef = 9A9AFD651F48CD5E00172469 /* Localizable.strings */; };
/* End PBXBuildFile section */

/* Begin PBXFileReference section */
		0D0CEA79230FB41A0044C3B7 /* ARKitCameraViewController+PhotoGallery.swift */ = {isa = PBXFileReference; lastKnownFileType = sourcecode.swift; path = "ARKitCameraViewController+PhotoGallery.swift"; sourceTree = "<group>"; };
		0D0CEA7D230FBB870044C3B7 /* VHImage.swift */ = {isa = PBXFileReference; lastKnownFileType = sourcecode.swift; name = VHImage.swift; path = VHImage/VHImage.swift; sourceTree = "<group>"; };
		0D1C5AFA22BF605C0002C892 /* ARKitCameraViewController+Extensions.swift */ = {isa = PBXFileReference; lastKnownFileType = sourcecode.swift; name = "ARKitCameraViewController+Extensions.swift"; path = "ARKit/ARKitCameraViewController+Extensions.swift"; sourceTree = "<group>"; };
		0D1C5AFF22BF62850002C892 /* CameraViewConstraints.swift */ = {isa = PBXFileReference; lastKnownFileType = sourcecode.swift; name = CameraViewConstraints.swift; path = Camera/UIConstraints/CameraViewConstraints.swift; sourceTree = "<group>"; };
		0D1C5B0122BF64860002C892 /* ARKit+Extensions.swift */ = {isa = PBXFileReference; lastKnownFileType = sourcecode.swift; name = "ARKit+Extensions.swift"; path = "Utilities/ARKit+Extensions.swift"; sourceTree = "<group>"; };
		0D1C5B0422BF67F10002C892 /* NonARCameraViewController+Extensions.swift */ = {isa = PBXFileReference; lastKnownFileType = sourcecode.swift; name = "NonARCameraViewController+Extensions.swift"; path = "Camera/NonARCamera/NonARCameraViewController+Extensions.swift"; sourceTree = "<group>"; };
		0D1E580422D431880005941C /* DarkModeManager.swift */ = {isa = PBXFileReference; fileEncoding = 4; lastKnownFileType = sourcecode.swift; name = DarkModeManager.swift; path = Utilities/DarkModeManager.swift; sourceTree = "<group>"; };
		0D1F292F23329A7500A32831 /* InfoBodyView.swift */ = {isa = PBXFileReference; lastKnownFileType = sourcecode.swift; path = InfoBodyView.swift; sourceTree = "<group>"; };
		0D1F29332332A03700A32831 /* VHRoundedButton.swift */ = {isa = PBXFileReference; lastKnownFileType = sourcecode.swift; path = VHRoundedButton.swift; sourceTree = "<group>"; };
		0D23BB70231232FD00F032F6 /* FeaturesAccessibilityElement.swift */ = {isa = PBXFileReference; lastKnownFileType = sourcecode.swift; name = FeaturesAccessibilityElement.swift; path = Features/FeaturesCollectionView/FeaturesAccessibilityElement.swift; sourceTree = "<group>"; };
		0D23BB7323127AFA00F032F6 /* ARKitCameraViewController+Accessibility.swift */ = {isa = PBXFileReference; lastKnownFileType = sourcecode.swift; path = "ARKitCameraViewController+Accessibility.swift"; sourceTree = "<group>"; };
		0D268652231B466E00A9354E /* VHCloseButton.swift */ = {isa = PBXFileReference; lastKnownFileType = sourcecode.swift; name = VHCloseButton.swift; path = VHObjects/VHCloseButton/VHCloseButton.swift; sourceTree = "<group>"; };
		0D40E824230A88AA006E5598 /* RecognizedContentViewController.swift */ = {isa = PBXFileReference; lastKnownFileType = sourcecode.swift; path = RecognizedContentViewController.swift; sourceTree = "<group>"; };
		0D5346EF22C313C900103306 /* loading_beep.wav */ = {isa = PBXFileReference; lastKnownFileType = audio.wav; path = loading_beep.wav; sourceTree = "<group>"; };
		0D5346F422C5630F00103306 /* LoadingRippleView.swift */ = {isa = PBXFileReference; lastKnownFileType = sourcecode.swift; path = LoadingRippleView.swift; sourceTree = "<group>"; };
		0D59219A22C5991400BBAAFD /* Feature.swift */ = {isa = PBXFileReference; lastKnownFileType = sourcecode.swift; path = Feature.swift; sourceTree = "<group>"; };
		0D93683722D8678C0040FD58 /* FeaturesManager.swift */ = {isa = PBXFileReference; lastKnownFileType = sourcecode.swift; name = FeaturesManager.swift; path = Camera/FeaturesCollectionView/FeaturesManager.swift; sourceTree = "<group>"; };
		0D93683922D868630040FD58 /* FeaturesCollectionViewCell.swift */ = {isa = PBXFileReference; lastKnownFileType = sourcecode.swift; name = FeaturesCollectionViewCell.swift; path = Camera/FeaturesCollectionView/FeaturesCollectionViewCell.swift; sourceTree = "<group>"; };
		0D95531D22B9FC6E00B17581 /* FastRecognizedContentViewController.swift */ = {isa = PBXFileReference; lastKnownFileType = sourcecode.swift; path = FastRecognizedContentViewController.swift; sourceTree = "<group>"; };
		0D95532022BA3E5100B17581 /* LogoView.swift */ = {isa = PBXFileReference; lastKnownFileType = sourcecode.swift; path = LogoView.swift; sourceTree = "<group>"; };
		0DA42CAD22D875F100B4A5FD /* FeaturesCollectionView.swift */ = {isa = PBXFileReference; fileEncoding = 4; lastKnownFileType = sourcecode.swift; path = FeaturesCollectionView.swift; sourceTree = "<group>"; };
		0DB05AF924786D27007DF360 /* GoogleService-Info.plist */ = {isa = PBXFileReference; fileEncoding = 4; lastKnownFileType = text.plist.xml; path = "GoogleService-Info.plist"; sourceTree = "<group>"; };
		0DB8A87C2134F3FB0005D168 /* ConfigurationManager.swift */ = {isa = PBXFileReference; lastKnownFileType = sourcecode.swift; name = ConfigurationManager.swift; path = Utilities/ConfigurationManager.swift; sourceTree = "<group>"; };
		0DB8A87E2134F6670005D168 /* RemoteConfig.plist */ = {isa = PBXFileReference; lastKnownFileType = text.plist.xml; path = RemoteConfig.plist; sourceTree = "<group>"; };
		0DD740F124844DE5007E09B6 /* ARKitCameraViewController+ImageClassification.swift */ = {isa = PBXFileReference; lastKnownFileType = sourcecode.swift; path = "ARKitCameraViewController+ImageClassification.swift"; sourceTree = "<group>"; };
		0DE59473230A23FD00A1D8F8 /* CameraShutterButtonView.swift */ = {isa = PBXFileReference; lastKnownFileType = sourcecode.swift; name = CameraShutterButtonView.swift; path = UI/BottomToolbar/CameraShutterButtonView.swift; sourceTree = "<group>"; };
		0DE59476230A4EF900A1D8F8 /* VHCameraButton.swift */ = {isa = PBXFileReference; lastKnownFileType = sourcecode.swift; name = VHCameraButton.swift; path = UI/BottomToolbar/VHCameraButton.swift; sourceTree = "<group>"; };
		0DE5947A230A744000A1D8F8 /* VhistaSoundManager.swift */ = {isa = PBXFileReference; lastKnownFileType = sourcecode.swift; name = VhistaSoundManager.swift; path = Sound/VhistaSoundManager.swift; sourceTree = "<group>"; };
		0DE5947E230A756100A1D8F8 /* ARKitCameraViewController+Session.swift */ = {isa = PBXFileReference; lastKnownFileType = sourcecode.swift; name = "ARKitCameraViewController+Session.swift"; path = "Session/ARKitCameraViewController+Session.swift"; sourceTree = "<group>"; };
		0DF0B00D231ADDBC00EA4BC0 /* InfoViewController.swift */ = {isa = PBXFileReference; lastKnownFileType = sourcecode.swift; name = InfoViewController.swift; path = InfoView/InfoViewController.swift; sourceTree = "<group>"; };
		0DF0B011231ADE1A00EA4BC0 /* InfoHeaderView.swift */ = {isa = PBXFileReference; lastKnownFileType = sourcecode.swift; name = InfoHeaderView.swift; path = InfoView/InfoHeaderView/InfoHeaderView.swift; sourceTree = "<group>"; };
		0DF0B015231AE60500EA4BC0 /* InfoFooterView.swift */ = {isa = PBXFileReference; lastKnownFileType = sourcecode.swift; name = InfoFooterView.swift; path = InfoView/InfoFooterView/InfoFooterView.swift; sourceTree = "<group>"; };
		0DF120FA211F507400177FC5 /* Inceptionv3.mlmodel */ = {isa = PBXFileReference; lastKnownFileType = file.mlmodel; name = Inceptionv3.mlmodel; path = ../../../Models/Inceptionv3.mlmodel; sourceTree = "<group>"; };
		0DF848A5230A0CA7004FDE5A /* VHBottomNavigationToolbar.swift */ = {isa = PBXFileReference; lastKnownFileType = sourcecode.swift; name = VHBottomNavigationToolbar.swift; path = UI/BottomToolbar/VHBottomNavigationToolbar.swift; sourceTree = "<group>"; };
		2B2C62421F6B2CCC00E9BAF7 /* StoreKit.framework */ = {isa = PBXFileReference; lastKnownFileType = wrapper.framework; name = StoreKit.framework; path = System/Library/Frameworks/StoreKit.framework; sourceTree = SDKROOT; };
		2B416BC81F6F28130029CB5A /* Base */ = {isa = PBXFileReference; lastKnownFileType = text.plist.xml; name = Base; path = Base.lproj/Info.plist; sourceTree = "<group>"; };
		2B416BC91F6F288B0029CB5A /* es-419 */ = {isa = PBXFileReference; lastKnownFileType = text.plist.xml; name = "es-419"; path = "es-419.lproj/Info.plist"; sourceTree = "<group>"; };
		2B71F0FD1F327150005F4219 /* VhistaSpeechManager.swift */ = {isa = PBXFileReference; lastKnownFileType = sourcecode.swift; path = VhistaSpeechManager.swift; sourceTree = "<group>"; };
		2B7503801F31936E007D4AFF /* Vhista.app */ = {isa = PBXFileReference; explicitFileType = wrapper.application; includeInIndex = 0; path = Vhista.app; sourceTree = BUILT_PRODUCTS_DIR; };
		2B7503831F31936E007D4AFF /* AppDelegate.swift */ = {isa = PBXFileReference; lastKnownFileType = sourcecode.swift; path = AppDelegate.swift; sourceTree = "<group>"; };
		2B7503881F31936E007D4AFF /* Base */ = {isa = PBXFileReference; lastKnownFileType = file.storyboard; name = Base; path = Base.lproj/Main.storyboard; sourceTree = "<group>"; };
		2B75038A1F31936E007D4AFF /* Assets.xcassets */ = {isa = PBXFileReference; lastKnownFileType = folder.assetcatalog; path = Assets.xcassets; sourceTree = "<group>"; };
		2B75038D1F31936E007D4AFF /* Base */ = {isa = PBXFileReference; lastKnownFileType = file.storyboard; name = Base; path = Base.lproj/LaunchScreen.storyboard; sourceTree = "<group>"; };
		2BF5EE681F46155B009E49D7 /* VhistaReachabilityManager.swift */ = {isa = PBXFileReference; lastKnownFileType = sourcecode.swift; name = VhistaReachabilityManager.swift; path = Network/VhistaReachabilityManager.swift; sourceTree = "<group>"; };
		63342CD720B0BE0900E397E6 /* SecureConstants.swift */ = {isa = PBXFileReference; lastKnownFileType = sourcecode.swift; name = SecureConstants.swift; path = Utilities/SecureConstants.swift; sourceTree = "<group>"; };
		63342CDB20B0BE9D00E397E6 /* Translator.swift */ = {isa = PBXFileReference; fileEncoding = 4; lastKnownFileType = sourcecode.swift; name = Translator.swift; path = Translation/Translator.swift; sourceTree = "<group>"; };
		63342CDD20B0BEAB00E397E6 /* Analytics.swift */ = {isa = PBXFileReference; fileEncoding = 4; lastKnownFileType = sourcecode.swift; name = Analytics.swift; path = Analytics/Analytics.swift; sourceTree = "<group>"; };
		63342CE320B0BF4700E397E6 /* Constants.swift */ = {isa = PBXFileReference; lastKnownFileType = sourcecode.swift; name = Constants.swift; path = Utilities/Constants.swift; sourceTree = "<group>"; };
		6345D66A25612BE300DD12C5 /* ComputerVisionManager.swift */ = {isa = PBXFileReference; fileEncoding = 4; lastKnownFileType = sourcecode.swift; name = ComputerVisionManager.swift; path = Managers/ComputerVisionManager.swift; sourceTree = "<group>"; };
		6345D66B25612BE300DD12C5 /* CVResponse.swift */ = {isa = PBXFileReference; fileEncoding = 4; lastKnownFileType = sourcecode.swift; name = CVResponse.swift; path = Managers/CVResponse.swift; sourceTree = "<group>"; };
		6345D67025612C1400DD12C5 /* ARKitCameraViewController+ContextualFeature.swift */ = {isa = PBXFileReference; fileEncoding = 4; lastKnownFileType = sourcecode.swift; path = "ARKitCameraViewController+ContextualFeature.swift"; sourceTree = "<group>"; };
		6345D685256130BC00DD12C5 /* Item.swift */ = {isa = PBXFileReference; fileEncoding = 4; lastKnownFileType = sourcecode.swift; path = Item.swift; sourceTree = "<group>"; };
		6345D687256130BC00DD12C5 /* RadarViewProtocol.swift */ = {isa = PBXFileReference; fileEncoding = 4; lastKnownFileType = sourcecode.swift; path = RadarViewProtocol.swift; sourceTree = "<group>"; };
		6345D689256130BC00DD12C5 /* Geometry.swift */ = {isa = PBXFileReference; fileEncoding = 4; lastKnownFileType = sourcecode.swift; path = Geometry.swift; sourceTree = "<group>"; };
		6345D68A256130BC00DD12C5 /* Drawer.swift */ = {isa = PBXFileReference; fileEncoding = 4; lastKnownFileType = sourcecode.swift; path = Drawer.swift; sourceTree = "<group>"; };
		6345D68B256130BC00DD12C5 /* Animation.swift */ = {isa = PBXFileReference; fileEncoding = 4; lastKnownFileType = sourcecode.swift; path = Animation.swift; sourceTree = "<group>"; };
		6345D68C256130BC00DD12C5 /* UIColor.swift */ = {isa = PBXFileReference; fileEncoding = 4; lastKnownFileType = sourcecode.swift; path = UIColor.swift; sourceTree = "<group>"; };
		6345D68D256130BC00DD12C5 /* RippleView.swift */ = {isa = PBXFileReference; fileEncoding = 4; lastKnownFileType = sourcecode.swift; path = RippleView.swift; sourceTree = "<group>"; };
		6345D68E256130BC00DD12C5 /* RadarView.swift */ = {isa = PBXFileReference; fileEncoding = 4; lastKnownFileType = sourcecode.swift; path = RadarView.swift; sourceTree = "<group>"; };
		6345D68F256130BC00DD12C5 /* ItemLayer.swift */ = {isa = PBXFileReference; fileEncoding = 4; lastKnownFileType = sourcecode.swift; path = ItemLayer.swift; sourceTree = "<group>"; };
		6393B09A204E11A60040A6CF /* UIViewController+Extensions.swift */ = {isa = PBXFileReference; lastKnownFileType = sourcecode.swift; name = "UIViewController+Extensions.swift"; path = "Utilities/UIViewController+Extensions.swift"; sourceTree = "<group>"; };
		6393B09C204E2D280040A6CF /* UIView+Extensions.swift */ = {isa = PBXFileReference; lastKnownFileType = sourcecode.swift; name = "UIView+Extensions.swift"; path = "Utilities/UIView+Extensions.swift"; sourceTree = "<group>"; };
		6393B09E204F0E660040A6CF /* CGImage+Extensions.swift */ = {isa = PBXFileReference; lastKnownFileType = sourcecode.swift; name = "CGImage+Extensions.swift"; path = "Utilities/CGImage+Extensions.swift"; sourceTree = "<group>"; };
		6393B0A0204F0FF70040A6CF /* ARKitCameraViewController.swift */ = {isa = PBXFileReference; lastKnownFileType = sourcecode.swift; path = ARKitCameraViewController.swift; sourceTree = "<group>"; };
		6393B0A3204F10F80040A6CF /* LandingViewController.swift */ = {isa = PBXFileReference; lastKnownFileType = sourcecode.swift; path = LandingViewController.swift; sourceTree = "<group>"; };
		6393B0A5204F23920040A6CF /* ClassificationsManager.swift */ = {isa = PBXFileReference; lastKnownFileType = sourcecode.swift; name = ClassificationsManager.swift; path = Camera/ClassificationsManager.swift; sourceTree = "<group>"; };
		6393B0A7204F290B0040A6CF /* CameraManager.swift */ = {isa = PBXFileReference; lastKnownFileType = sourcecode.swift; name = CameraManager.swift; path = Camera/CameraManager.swift; sourceTree = "<group>"; };
		63CB612A20AA2503004982EF /* UIImage+Extensions.swift */ = {isa = PBXFileReference; lastKnownFileType = sourcecode.swift; name = "UIImage+Extensions.swift"; path = "Utilities/UIImage+Extensions.swift"; sourceTree = "<group>"; };
		9A7AEDDC20FBD26D00430A25 /* DistanceManager.swift */ = {isa = PBXFileReference; lastKnownFileType = sourcecode.swift; path = DistanceManager.swift; sourceTree = "<group>"; };
		9A7AEDDF20FBE12400430A25 /* es-419 */ = {isa = PBXFileReference; lastKnownFileType = text.plist.strings; name = "es-419"; path = "es-419.lproj/Main.strings"; sourceTree = "<group>"; };
		9A9AFD641F48CD5E00172469 /* en */ = {isa = PBXFileReference; lastKnownFileType = text.plist.strings; name = en; path = en.lproj/Localizable.strings; sourceTree = "<group>"; };
		9A9AFD671F48CDCF00172469 /* es-419 */ = {isa = PBXFileReference; lastKnownFileType = text.plist.strings; name = "es-419"; path = "es-419.lproj/LaunchScreen.strings"; sourceTree = "<group>"; };
		9A9AFD681F48CDCF00172469 /* es-419 */ = {isa = PBXFileReference; lastKnownFileType = text.plist.strings; name = "es-419"; path = "es-419.lproj/Localizable.strings"; sourceTree = "<group>"; };
		9AD2D53C1F48BC08008F470D /* AVKit.framework */ = {isa = PBXFileReference; lastKnownFileType = wrapper.framework; name = AVKit.framework; path = System/Library/Frameworks/AVKit.framework; sourceTree = SDKROOT; };
		9AD2D53E1F48BF88008F470D /* AVFoundation.framework */ = {isa = PBXFileReference; lastKnownFileType = wrapper.framework; name = AVFoundation.framework; path = System/Library/Frameworks/AVFoundation.framework; sourceTree = SDKROOT; };
		9AD2D5401F48C03C008F470D /* AWSCore.framework */ = {isa = PBXFileReference; lastKnownFileType = wrapper.framework; name = AWSCore.framework; path = "../../../../Library/Developer/Xcode/DerivedData/Vhista-elzofiarndtfbmanixtdrekchpwm/Build/Products/Debug-iphonesimulator/AWSCore/AWSCore.framework"; sourceTree = "<group>"; };
/* End PBXFileReference section */

/* Begin PBXFrameworksBuildPhase section */
		2B75037D1F31936E007D4AFF /* Frameworks */ = {
			isa = PBXFrameworksBuildPhase;
			buildActionMask = 2147483647;
			files = (
				6345D65325612B3300DD12C5 /* Alamofire in Frameworks */,
				6345D67A25612D7400DD12C5 /* FirebaseCrashlytics in Frameworks */,
				6345D67825612D7400DD12C5 /* FirebaseRemoteConfig in Frameworks */,
				6345D67625612D7400DD12C5 /* FirebaseAnalytics in Frameworks */,
				6345D64F25612AE500DD12C5 /* AFNetworking in Frameworks */,
			);
			runOnlyForDeploymentPostprocessing = 0;
		};
/* End PBXFrameworksBuildPhase section */

/* Begin PBXGroup section */
		0D0CEA78230FB3DE0044C3B7 /* PhotoGallery */ = {
			isa = PBXGroup;
			children = (
				0D0CEA79230FB41A0044C3B7 /* ARKitCameraViewController+PhotoGallery.swift */,
			);
			path = PhotoGallery;
			sourceTree = "<group>";
		};
		0D0CEA7C230FBB280044C3B7 /* VHImage */ = {
			isa = PBXGroup;
			children = (
				0D0CEA7D230FBB870044C3B7 /* VHImage.swift */,
			);
			name = VHImage;
			sourceTree = "<group>";
		};
		0D1C5AF922BF60080002C892 /* ARKit */ = {
			isa = PBXGroup;
			children = (
				0D1C5AFA22BF605C0002C892 /* ARKitCameraViewController+Extensions.swift */,
			);
			name = ARKit;
			sourceTree = "<group>";
		};
		0D1C5AFC22BF61AD0002C892 /* UIConstraints */ = {
			isa = PBXGroup;
			children = (
				0D1C5AFF22BF62850002C892 /* CameraViewConstraints.swift */,
			);
			name = UIConstraints;
			sourceTree = "<group>";
		};
		0D1C5AFD22BF61C50002C892 /* Managers */ = {
			isa = PBXGroup;
			children = (
				6345D66A25612BE300DD12C5 /* ComputerVisionManager.swift */,
				6345D66B25612BE300DD12C5 /* CVResponse.swift */,
				6393B0A5204F23920040A6CF /* ClassificationsManager.swift */,
				6393B0A7204F290B0040A6CF /* CameraManager.swift */,
			);
			name = Managers;
			sourceTree = "<group>";
		};
		0D1C5AFE22BF61E80002C892 /* BottomView */ = {
			isa = PBXGroup;
			children = (
				0DF848A4230A0C5A004FDE5A /* BottomToolbar */,
			);
			name = BottomView;
			sourceTree = "<group>";
		};
		0D1C5B0322BF67470002C892 /* NonARCamera */ = {
			isa = PBXGroup;
			children = (
				0D1C5B0422BF67F10002C892 /* NonARCameraViewController+Extensions.swift */,
			);
			name = NonARCamera;
			sourceTree = "<group>";
		};
		0D1F292E23329A4E00A32831 /* InfoBodyView */ = {
			isa = PBXGroup;
			children = (
				0D1F292F23329A7500A32831 /* InfoBodyView.swift */,
			);
			name = InfoBodyView;
			sourceTree = "<group>";
		};
		0D1F29322332A02400A32831 /* VHRoundedButton */ = {
			isa = PBXGroup;
			children = (
				0D1F29332332A03700A32831 /* VHRoundedButton.swift */,
			);
			name = VHRoundedButton;
			sourceTree = "<group>";
		};
		0D24923B22E5456F0024BD52 /* Features */ = {
			isa = PBXGroup;
			children = (
				0D59219722C595EC00BBAAFD /* FeaturesCollectionView */,
				6345D67025612C1400DD12C5 /* ARKitCameraViewController+ContextualFeature.swift */,
				0D40E823230A88A2006E5598 /* RecognizedContent */,
				0D40E822230A8891006E5598 /* FastRecognizedContent */,
			);
			path = Features;
			sourceTree = "<group>";
		};
		0D268650231B462000A9354E /* VHObjects */ = {
			isa = PBXGroup;
			children = (
				0D1F29322332A02400A32831 /* VHRoundedButton */,
				0D268651231B462F00A9354E /* VHCloseButton */,
				0D0CEA7C230FBB280044C3B7 /* VHImage */,
			);
			name = VHObjects;
			sourceTree = "<group>";
		};
		0D268651231B462F00A9354E /* VHCloseButton */ = {
			isa = PBXGroup;
			children = (
				0D268652231B466E00A9354E /* VHCloseButton.swift */,
			);
			name = VHCloseButton;
			sourceTree = "<group>";
		};
		0D40E822230A8891006E5598 /* FastRecognizedContent */ = {
			isa = PBXGroup;
			children = (
				0D95531D22B9FC6E00B17581 /* FastRecognizedContentViewController.swift */,
			);
			path = FastRecognizedContent;
			sourceTree = "<group>";
		};
		0D40E823230A88A2006E5598 /* RecognizedContent */ = {
			isa = PBXGroup;
			children = (
				0D40E824230A88AA006E5598 /* RecognizedContentViewController.swift */,
			);
			path = RecognizedContent;
			sourceTree = "<group>";
		};
		0D5346F322C5621C00103306 /* LoadingRippleView */ = {
			isa = PBXGroup;
			children = (
				0D5346F422C5630F00103306 /* LoadingRippleView.swift */,
			);
			name = LoadingRippleView;
			sourceTree = "<group>";
		};
		0D59219722C595EC00BBAAFD /* FeaturesCollectionView */ = {
			isa = PBXGroup;
			children = (
				0DA42CAD22D875F100B4A5FD /* FeaturesCollectionView.swift */,
				0D93683922D868630040FD58 /* FeaturesCollectionViewCell.swift */,
				0D59219A22C5991400BBAAFD /* Feature.swift */,
				0D93683722D8678C0040FD58 /* FeaturesManager.swift */,
				0D23BB70231232FD00F032F6 /* FeaturesAccessibilityElement.swift */,
			);
			name = FeaturesCollectionView;
			path = ..;
			sourceTree = "<group>";
		};
		0D95531F22BA3D5F00B17581 /* LogoView */ = {
			isa = PBXGroup;
			children = (
				0D95532022BA3E5100B17581 /* LogoView.swift */,
			);
			name = LogoView;
			sourceTree = "<group>";
		};
		0DD740F024844DC4007E09B6 /* CoreMLImageClassification */ = {
			isa = PBXGroup;
			children = (
				0DD740F124844DE5007E09B6 /* ARKitCameraViewController+ImageClassification.swift */,
			);
			name = CoreMLImageClassification;
			sourceTree = "<group>";
		};
		0DE59479230A732A00A1D8F8 /* Sound */ = {
			isa = PBXGroup;
			children = (
				0DE5947A230A744000A1D8F8 /* VhistaSoundManager.swift */,
			);
			name = Sound;
			sourceTree = "<group>";
		};
		0DE5947D230A754000A1D8F8 /* Session */ = {
			isa = PBXGroup;
			children = (
				0DE5947E230A756100A1D8F8 /* ARKitCameraViewController+Session.swift */,
			);
			name = Session;
			sourceTree = "<group>";
		};
		0DF0B00C231ADD6200EA4BC0 /* InfoView */ = {
			isa = PBXGroup;
			children = (
				0DF0B00D231ADDBC00EA4BC0 /* InfoViewController.swift */,
				0DF0B010231ADDE800EA4BC0 /* InfoHeaderView */,
				0D1F292E23329A4E00A32831 /* InfoBodyView */,
				0DF0B014231AE5DA00EA4BC0 /* InfoFooterView */,
			);
			name = InfoView;
			sourceTree = "<group>";
		};
		0DF0B010231ADDE800EA4BC0 /* InfoHeaderView */ = {
			isa = PBXGroup;
			children = (
				0DF0B011231ADE1A00EA4BC0 /* InfoHeaderView.swift */,
			);
			name = InfoHeaderView;
			sourceTree = "<group>";
		};
		0DF0B014231AE5DA00EA4BC0 /* InfoFooterView */ = {
			isa = PBXGroup;
			children = (
				0DF0B015231AE60500EA4BC0 /* InfoFooterView.swift */,
			);
			name = InfoFooterView;
			sourceTree = "<group>";
		};
		0DF848A4230A0C5A004FDE5A /* BottomToolbar */ = {
			isa = PBXGroup;
			children = (
				0D5346F322C5621C00103306 /* LoadingRippleView */,
				0DF848A5230A0CA7004FDE5A /* VHBottomNavigationToolbar.swift */,
				0DE59476230A4EF900A1D8F8 /* VHCameraButton.swift */,
				0DE59473230A23FD00A1D8F8 /* CameraShutterButtonView.swift */,
			);
			name = BottomToolbar;
			sourceTree = "<group>";
		};
		2B71F0FF1F327152005F4219 /* Speech */ = {
			isa = PBXGroup;
			children = (
				2B71F0FD1F327150005F4219 /* VhistaSpeechManager.swift */,
			);
			name = Speech;
			sourceTree = "<group>";
		};
		2B7503771F31936E007D4AFF = {
			isa = PBXGroup;
			children = (
				2B7503821F31936E007D4AFF /* Vhista */,
				2B7503811F31936E007D4AFF /* Products */,
				A51939127B91783B411B1974 /* Frameworks */,
			);
			sourceTree = "<group>";
		};
		2B7503811F31936E007D4AFF /* Products */ = {
			isa = PBXGroup;
			children = (
				2B7503801F31936E007D4AFF /* Vhista.app */,
			);
			name = Products;
			sourceTree = "<group>";
		};
		2B7503821F31936E007D4AFF /* Vhista */ = {
			isa = PBXGroup;
			children = (
				2B7503951F319BF6007D4AFF /* MLModels */,
				2B7503831F31936E007D4AFF /* AppDelegate.swift */,
				6393B0A3204F10F80040A6CF /* LandingViewController.swift */,
				0D268650231B462000A9354E /* VHObjects */,
				6393B0A2204F10D80040A6CF /* UI */,
				0D24923B22E5456F0024BD52 /* Features */,
				0D1C5AFD22BF61C50002C892 /* Managers */,
				2B9638B41F328DA4008DBBCF /* Analytics */,
				2B71F0FF1F327152005F4219 /* Speech */,
				2BF5EE671F461541009E49D7 /* Networking */,
				0DE59479230A732A00A1D8F8 /* Sound */,
				2B9638BC1F328E94008DBBCF /* Utilities */,
				2B7503871F31936E007D4AFF /* Main.storyboard */,
				2B75038A1F31936E007D4AFF /* Assets.xcassets */,
				2B75038C1F31936E007D4AFF /* LaunchScreen.storyboard */,
				9A9AFD651F48CD5E00172469 /* Localizable.strings */,
				0DB8A87E2134F6670005D168 /* RemoteConfig.plist */,
				0DB05AF924786D27007DF360 /* GoogleService-Info.plist */,
				2B416BC71F6F28030029CB5A /* Info.plist */,
				6345D6822561309500DD12C5 /* ExternalLibraries */,
				2B9638B71F328E31008DBBCF /* SupportingFiles */,
			);
			path = Vhista;
			sourceTree = "<group>";
		};
		2B7503951F319BF6007D4AFF /* MLModels */ = {
			isa = PBXGroup;
			children = (
				0DF120FA211F507400177FC5 /* Inceptionv3.mlmodel */,
			);
			path = MLModels;
			sourceTree = "<group>";
		};
		2B9638B41F328DA4008DBBCF /* Analytics */ = {
			isa = PBXGroup;
			children = (
				63342CDD20B0BEAB00E397E6 /* Analytics.swift */,
			);
			name = Analytics;
			sourceTree = "<group>";
		};
		2B9638B71F328E31008DBBCF /* SupportingFiles */ = {
			isa = PBXGroup;
			children = (
				0D5346EF22C313C900103306 /* loading_beep.wav */,
			);
			name = SupportingFiles;
			sourceTree = "<group>";
		};
		2B9638BC1F328E94008DBBCF /* Utilities */ = {
			isa = PBXGroup;
			children = (
				0D1E580422D431880005941C /* DarkModeManager.swift */,
				63342CDB20B0BE9D00E397E6 /* Translator.swift */,
				63342CD720B0BE0900E397E6 /* SecureConstants.swift */,
				63342CE320B0BF4700E397E6 /* Constants.swift */,
				6393B09A204E11A60040A6CF /* UIViewController+Extensions.swift */,
				6393B09C204E2D280040A6CF /* UIView+Extensions.swift */,
				6393B09E204F0E660040A6CF /* CGImage+Extensions.swift */,
				63CB612A20AA2503004982EF /* UIImage+Extensions.swift */,
				9A7AEDDC20FBD26D00430A25 /* DistanceManager.swift */,
				0DB8A87C2134F3FB0005D168 /* ConfigurationManager.swift */,
				0D1C5B0122BF64860002C892 /* ARKit+Extensions.swift */,
			);
			name = Utilities;
			sourceTree = "<group>";
		};
		2BF5EE671F461541009E49D7 /* Networking */ = {
			isa = PBXGroup;
			children = (
				2BF5EE681F46155B009E49D7 /* VhistaReachabilityManager.swift */,
			);
			name = Networking;
			sourceTree = "<group>";
		};
		6345D6822561309500DD12C5 /* ExternalLibraries */ = {
			isa = PBXGroup;
			children = (
				6345D683256130BC00DD12C5 /* HGRippleRadarView */,
			);
			name = ExternalLibraries;
			sourceTree = "<group>";
		};
		6345D683256130BC00DD12C5 /* HGRippleRadarView */ = {
			isa = PBXGroup;
			children = (
				6345D684256130BC00DD12C5 /* Classes */,
			);
			path = HGRippleRadarView;
			sourceTree = "<group>";
		};
		6345D684256130BC00DD12C5 /* Classes */ = {
			isa = PBXGroup;
			children = (
				6345D685256130BC00DD12C5 /* Item.swift */,
				6345D687256130BC00DD12C5 /* RadarViewProtocol.swift */,
				6345D688256130BC00DD12C5 /* Utilities */,
				6345D68D256130BC00DD12C5 /* RippleView.swift */,
				6345D68E256130BC00DD12C5 /* RadarView.swift */,
				6345D68F256130BC00DD12C5 /* ItemLayer.swift */,
			);
			path = Classes;
			sourceTree = "<group>";
		};
		6345D688256130BC00DD12C5 /* Utilities */ = {
			isa = PBXGroup;
			children = (
				6345D689256130BC00DD12C5 /* Geometry.swift */,
				6345D68A256130BC00DD12C5 /* Drawer.swift */,
				6345D68B256130BC00DD12C5 /* Animation.swift */,
				6345D68C256130BC00DD12C5 /* UIColor.swift */,
			);
			path = Utilities;
			sourceTree = "<group>";
		};
		6393B0A2204F10D80040A6CF /* UI */ = {
			isa = PBXGroup;
			children = (
				6393B0A0204F0FF70040A6CF /* ARKitCameraViewController.swift */,
				0D23BB7323127AFA00F032F6 /* ARKitCameraViewController+Accessibility.swift */,
				0DD740F024844DC4007E09B6 /* CoreMLImageClassification */,
				0DE5947D230A754000A1D8F8 /* Session */,
				0D1C5AF922BF60080002C892 /* ARKit */,
				0D1C5B0322BF67470002C892 /* NonARCamera */,
				0D0CEA78230FB3DE0044C3B7 /* PhotoGallery */,
				0D95531F22BA3D5F00B17581 /* LogoView */,
				0D1C5AFE22BF61E80002C892 /* BottomView */,
				0DF0B00C231ADD6200EA4BC0 /* InfoView */,
				0D1C5AFC22BF61AD0002C892 /* UIConstraints */,
			);
			name = UI;
			sourceTree = "<group>";
		};
		A51939127B91783B411B1974 /* Frameworks */ = {
			isa = PBXGroup;
			children = (
				2B2C62421F6B2CCC00E9BAF7 /* StoreKit.framework */,
				9AD2D5401F48C03C008F470D /* AWSCore.framework */,
				9AD2D53E1F48BF88008F470D /* AVFoundation.framework */,
				9AD2D53C1F48BC08008F470D /* AVKit.framework */,
			);
			name = Frameworks;
			sourceTree = "<group>";
		};
/* End PBXGroup section */

/* Begin PBXNativeTarget section */
		2B75037F1F31936E007D4AFF /* Vhista */ = {
			isa = PBXNativeTarget;
			buildConfigurationList = 2B7503921F31936E007D4AFF /* Build configuration list for PBXNativeTarget "Vhista" */;
			buildPhases = (
				2B75037C1F31936E007D4AFF /* Sources */,
				2B75037D1F31936E007D4AFF /* Frameworks */,
				2B75037E1F31936E007D4AFF /* Resources */,
				63CB612920AA1C55004982EF /* ShellScript */,
			);
			buildRules = (
			);
			dependencies = (
			);
			name = Vhista;
			packageProductDependencies = (
				6345D64E25612AE500DD12C5 /* AFNetworking */,
				6345D65225612B3300DD12C5 /* Alamofire */,
				6345D67525612D7400DD12C5 /* FirebaseAnalytics */,
				6345D67725612D7400DD12C5 /* FirebaseRemoteConfig */,
				6345D67925612D7400DD12C5 /* FirebaseCrashlytics */,
			);
			productName = Vhista;
			productReference = 2B7503801F31936E007D4AFF /* Vhista.app */;
			productType = "com.apple.product-type.application";
		};
/* End PBXNativeTarget section */

/* Begin PBXProject section */
		2B7503781F31936E007D4AFF /* Project object */ = {
			isa = PBXProject;
			attributes = {
				LastSwiftUpdateCheck = 0900;
				LastUpgradeCheck = 0930;
				ORGANIZATIONNAME = juandavidcruz;
				TargetAttributes = {
					2B75037F1F31936E007D4AFF = {
						CreatedOnToolsVersion = 9.0;
						LastSwiftMigration = 1020;
						SystemCapabilities = {
							com.apple.InAppPurchase = {
								enabled = 1;
							};
						};
					};
				};
			};
			buildConfigurationList = 2B75037B1F31936E007D4AFF /* Build configuration list for PBXProject "Vhista" */;
			compatibilityVersion = "Xcode 8.0";
			developmentRegion = en;
			hasScannedForEncodings = 0;
			knownRegions = (
				en,
				Base,
				"es-419",
			);
			mainGroup = 2B7503771F31936E007D4AFF;
			packageReferences = (
				6345D64D25612AE500DD12C5 /* XCRemoteSwiftPackageReference "AFNetworking" */,
				6345D65125612B3300DD12C5 /* XCRemoteSwiftPackageReference "Alamofire" */,
				6345D67425612D7400DD12C5 /* XCRemoteSwiftPackageReference "firebase-ios-sdk" */,
			);
			productRefGroup = 2B7503811F31936E007D4AFF /* Products */;
			projectDirPath = "";
			projectRoot = "";
			targets = (
				2B75037F1F31936E007D4AFF /* Vhista */,
			);
		};
/* End PBXProject section */

/* Begin PBXResourcesBuildPhase section */
		2B75037E1F31936E007D4AFF /* Resources */ = {
			isa = PBXResourcesBuildPhase;
			buildActionMask = 2147483647;
			files = (
				2B75038E1F31936E007D4AFF /* LaunchScreen.storyboard in Resources */,
				9A9AFD631F48CD5E00172469 /* Localizable.strings in Resources */,
				2B75038B1F31936E007D4AFF /* Assets.xcassets in Resources */,
				2B7503891F31936E007D4AFF /* Main.storyboard in Resources */,
				0D5346F022C313C900103306 /* loading_beep.wav in Resources */,
				0DB8A87F2134F6670005D168 /* RemoteConfig.plist in Resources */,
				0DB05AFA24786D27007DF360 /* GoogleService-Info.plist in Resources */,
			);
			runOnlyForDeploymentPostprocessing = 0;
		};
/* End PBXResourcesBuildPhase section */

/* Begin PBXShellScriptBuildPhase section */
		63CB612920AA1C55004982EF /* ShellScript */ = {
			isa = PBXShellScriptBuildPhase;
			buildActionMask = 2147483647;
			files = (
			);
			inputPaths = (
			);
			outputPaths = (
			);
			runOnlyForDeploymentPostprocessing = 0;
			shellPath = /bin/sh;
			shellScript = "\"${PODS_ROOT}/FirebaseCrashlytics/run\"\nif which swiftlint >/dev/null; then\n    swiftlint\nelse\n    echo \"warning: SwiftLint not installed, download from https://github.com/realm/SwiftLint\"\nfi\n";
		};
/* End PBXShellScriptBuildPhase section */

/* Begin PBXSourcesBuildPhase section */
		2B75037C1F31936E007D4AFF /* Sources */ = {
			isa = PBXSourcesBuildPhase;
			buildActionMask = 2147483647;
			files = (
				0D268653231B466E00A9354E /* VHCloseButton.swift in Sources */,
				0DE5947B230A744000A1D8F8 /* VhistaSoundManager.swift in Sources */,
				6345D66C25612BE300DD12C5 /* ComputerVisionManager.swift in Sources */,
				6393B0A8204F290B0040A6CF /* CameraManager.swift in Sources */,
				6393B0A6204F23920040A6CF /* ClassificationsManager.swift in Sources */,
				2BF5EE691F46155B009E49D7 /* VhistaReachabilityManager.swift in Sources */,
				0D1C5B0022BF62850002C892 /* CameraViewConstraints.swift in Sources */,
				0D1C5B0222BF64860002C892 /* ARKit+Extensions.swift in Sources */,
				0D23BB7423127AFA00F032F6 /* ARKitCameraViewController+Accessibility.swift in Sources */,
				6345D694256130BC00DD12C5 /* RadarViewProtocol.swift in Sources */,
				0D1C5B0522BF67F10002C892 /* NonARCameraViewController+Extensions.swift in Sources */,
				63342CD820B0BE0900E397E6 /* SecureConstants.swift in Sources */,
				6393B09D204E2D280040A6CF /* UIView+Extensions.swift in Sources */,
				0D1C5AFB22BF605C0002C892 /* ARKitCameraViewController+Extensions.swift in Sources */,
				0D1E580522D431890005941C /* DarkModeManager.swift in Sources */,
				0DE59474230A23FD00A1D8F8 /* CameraShutterButtonView.swift in Sources */,
				0DB8A87D2134F3FB0005D168 /* ConfigurationManager.swift in Sources */,
				0D0CEA7A230FB41A0044C3B7 /* ARKitCameraViewController+PhotoGallery.swift in Sources */,
				0D5346F522C5630F00103306 /* LoadingRippleView.swift in Sources */,
				6393B09B204E11A60040A6CF /* UIViewController+Extensions.swift in Sources */,
				6345D692256130BC00DD12C5 /* Item.swift in Sources */,
				6345D69A256130BC00DD12C5 /* RadarView.swift in Sources */,
				6345D699256130BC00DD12C5 /* RippleView.swift in Sources */,
				9A7AEDDD20FBD26D00430A25 /* DistanceManager.swift in Sources */,
				0D93683822D8678C0040FD58 /* FeaturesManager.swift in Sources */,
				0DA42CAE22D875F100B4A5FD /* FeaturesCollectionView.swift in Sources */,
				0D40E825230A890F006E5598 /* RecognizedContentViewController.swift in Sources */,
				6393B0A1204F0FF70040A6CF /* ARKitCameraViewController.swift in Sources */,
				0D1F29342332A03700A32831 /* VHRoundedButton.swift in Sources */,
				0D0CEA7E230FBB870044C3B7 /* VHImage.swift in Sources */,
				63342CDE20B0BEAB00E397E6 /* Analytics.swift in Sources */,
				6345D698256130BC00DD12C5 /* UIColor.swift in Sources */,
				0DF120FB211F507500177FC5 /* Inceptionv3.mlmodel in Sources */,
				0DE59477230A4EF900A1D8F8 /* VHCameraButton.swift in Sources */,
				6393B0A4204F10F80040A6CF /* LandingViewController.swift in Sources */,
				63CB612B20AA2503004982EF /* UIImage+Extensions.swift in Sources */,
				6345D697256130BC00DD12C5 /* Animation.swift in Sources */,
				6345D67125612C1400DD12C5 /* ARKitCameraViewController+ContextualFeature.swift in Sources */,
				0D23BB71231232FD00F032F6 /* FeaturesAccessibilityElement.swift in Sources */,
				0D1F293023329A7500A32831 /* InfoBodyView.swift in Sources */,
				0DE5947F230A756100A1D8F8 /* ARKitCameraViewController+Session.swift in Sources */,
				0DF0B00E231ADDBC00EA4BC0 /* InfoViewController.swift in Sources */,
				6393B09F204F0E660040A6CF /* CGImage+Extensions.swift in Sources */,
				0D95531E22B9FC6E00B17581 /* FastRecognizedContentViewController.swift in Sources */,
				6345D696256130BC00DD12C5 /* Drawer.swift in Sources */,
				0D59219B22C5991400BBAAFD /* Feature.swift in Sources */,
				0D93683A22D868630040FD58 /* FeaturesCollectionViewCell.swift in Sources */,
				2B71F0FE1F327150005F4219 /* VhistaSpeechManager.swift in Sources */,
				6345D66D25612BE300DD12C5 /* CVResponse.swift in Sources */,
				63342CDC20B0BE9E00E397E6 /* Translator.swift in Sources */,
				0DD740F224844DE5007E09B6 /* ARKitCameraViewController+ImageClassification.swift in Sources */,
				6345D69B256130BC00DD12C5 /* ItemLayer.swift in Sources */,
				0DF848A6230A0CA7004FDE5A /* VHBottomNavigationToolbar.swift in Sources */,
				0D95532122BA3E5100B17581 /* LogoView.swift in Sources */,
				2B7503841F31936E007D4AFF /* AppDelegate.swift in Sources */,
				63342CE420B0BF4700E397E6 /* Constants.swift in Sources */,
				0DF0B012231ADE1A00EA4BC0 /* InfoHeaderView.swift in Sources */,
				0DF0B016231AE60500EA4BC0 /* InfoFooterView.swift in Sources */,
				6345D695256130BC00DD12C5 /* Geometry.swift in Sources */,
			);
			runOnlyForDeploymentPostprocessing = 0;
		};
/* End PBXSourcesBuildPhase section */

/* Begin PBXVariantGroup section */
		2B416BC71F6F28030029CB5A /* Info.plist */ = {
			isa = PBXVariantGroup;
			children = (
				2B416BC81F6F28130029CB5A /* Base */,
				2B416BC91F6F288B0029CB5A /* es-419 */,
			);
			name = Info.plist;
			sourceTree = "<group>";
		};
		2B7503871F31936E007D4AFF /* Main.storyboard */ = {
			isa = PBXVariantGroup;
			children = (
				2B7503881F31936E007D4AFF /* Base */,
				9A7AEDDF20FBE12400430A25 /* es-419 */,
			);
			name = Main.storyboard;
			sourceTree = "<group>";
		};
		2B75038C1F31936E007D4AFF /* LaunchScreen.storyboard */ = {
			isa = PBXVariantGroup;
			children = (
				2B75038D1F31936E007D4AFF /* Base */,
				9A9AFD671F48CDCF00172469 /* es-419 */,
			);
			name = LaunchScreen.storyboard;
			sourceTree = "<group>";
		};
		9A9AFD651F48CD5E00172469 /* Localizable.strings */ = {
			isa = PBXVariantGroup;
			children = (
				9A9AFD641F48CD5E00172469 /* en */,
				9A9AFD681F48CDCF00172469 /* es-419 */,
			);
			name = Localizable.strings;
			sourceTree = "<group>";
		};
/* End PBXVariantGroup section */

/* Begin XCBuildConfiguration section */
		2B7503901F31936E007D4AFF /* Debug */ = {
			isa = XCBuildConfiguration;
			buildSettings = {
				ALWAYS_SEARCH_USER_PATHS = NO;
				CLANG_ANALYZER_LOCALIZABILITY_NONLOCALIZED = YES;
				CLANG_ANALYZER_NONNULL = YES;
				CLANG_ANALYZER_NUMBER_OBJECT_CONVERSION = YES_AGGRESSIVE;
				CLANG_CXX_LANGUAGE_STANDARD = "gnu++14";
				CLANG_CXX_LIBRARY = "libc++";
				CLANG_ENABLE_MODULES = YES;
				CLANG_ENABLE_OBJC_ARC = YES;
				CLANG_WARN_BLOCK_CAPTURE_AUTORELEASING = YES;
				CLANG_WARN_BOOL_CONVERSION = YES;
				CLANG_WARN_COMMA = YES;
				CLANG_WARN_CONSTANT_CONVERSION = YES;
				CLANG_WARN_DEPRECATED_OBJC_IMPLEMENTATIONS = YES;
				CLANG_WARN_DIRECT_OBJC_ISA_USAGE = YES_ERROR;
				CLANG_WARN_DOCUMENTATION_COMMENTS = YES;
				CLANG_WARN_EMPTY_BODY = YES;
				CLANG_WARN_ENUM_CONVERSION = YES;
				CLANG_WARN_INFINITE_RECURSION = YES;
				CLANG_WARN_INT_CONVERSION = YES;
				CLANG_WARN_NON_LITERAL_NULL_CONVERSION = YES;
				CLANG_WARN_OBJC_IMPLICIT_RETAIN_SELF = YES;
				CLANG_WARN_OBJC_LITERAL_CONVERSION = YES;
				CLANG_WARN_OBJC_ROOT_CLASS = YES_ERROR;
				CLANG_WARN_RANGE_LOOP_ANALYSIS = YES;
				CLANG_WARN_STRICT_PROTOTYPES = YES;
				CLANG_WARN_SUSPICIOUS_MOVE = YES;
				CLANG_WARN_UNGUARDED_AVAILABILITY = YES_AGGRESSIVE;
				CLANG_WARN_UNREACHABLE_CODE = YES;
				CLANG_WARN__DUPLICATE_METHOD_MATCH = YES;
				CODE_SIGN_IDENTITY = "iPhone Developer";
				COPY_PHASE_STRIP = NO;
				DEBUG_INFORMATION_FORMAT = dwarf;
				ENABLE_STRICT_OBJC_MSGSEND = YES;
				ENABLE_TESTABILITY = YES;
				GCC_C_LANGUAGE_STANDARD = gnu11;
				GCC_DYNAMIC_NO_PIC = NO;
				GCC_NO_COMMON_BLOCKS = YES;
				GCC_OPTIMIZATION_LEVEL = 0;
				GCC_PREPROCESSOR_DEFINITIONS = (
					"DEBUG=1",
					"$(inherited)",
				);
				GCC_WARN_64_TO_32_BIT_CONVERSION = YES;
				GCC_WARN_ABOUT_RETURN_TYPE = YES_ERROR;
				GCC_WARN_UNDECLARED_SELECTOR = YES;
				GCC_WARN_UNINITIALIZED_AUTOS = YES_AGGRESSIVE;
				GCC_WARN_UNUSED_FUNCTION = YES;
				GCC_WARN_UNUSED_VARIABLE = YES;
				IPHONEOS_DEPLOYMENT_TARGET = 12.0;
				LD_VERIFY_BITCODE = NO;
				MTL_ENABLE_DEBUG_INFO = YES;
				ONLY_ACTIVE_ARCH = YES;
				SDKROOT = iphoneos;
				SWIFT_ACTIVE_COMPILATION_CONDITIONS = DEBUG;
				SWIFT_OPTIMIZATION_LEVEL = "-Onone";
			};
			name = Debug;
		};
		2B7503911F31936E007D4AFF /* Release */ = {
			isa = XCBuildConfiguration;
			buildSettings = {
				ALWAYS_SEARCH_USER_PATHS = NO;
				CLANG_ANALYZER_LOCALIZABILITY_NONLOCALIZED = YES;
				CLANG_ANALYZER_NONNULL = YES;
				CLANG_ANALYZER_NUMBER_OBJECT_CONVERSION = YES_AGGRESSIVE;
				CLANG_CXX_LANGUAGE_STANDARD = "gnu++14";
				CLANG_CXX_LIBRARY = "libc++";
				CLANG_ENABLE_MODULES = YES;
				CLANG_ENABLE_OBJC_ARC = YES;
				CLANG_WARN_BLOCK_CAPTURE_AUTORELEASING = YES;
				CLANG_WARN_BOOL_CONVERSION = YES;
				CLANG_WARN_COMMA = YES;
				CLANG_WARN_CONSTANT_CONVERSION = YES;
				CLANG_WARN_DEPRECATED_OBJC_IMPLEMENTATIONS = YES;
				CLANG_WARN_DIRECT_OBJC_ISA_USAGE = YES_ERROR;
				CLANG_WARN_DOCUMENTATION_COMMENTS = YES;
				CLANG_WARN_EMPTY_BODY = YES;
				CLANG_WARN_ENUM_CONVERSION = YES;
				CLANG_WARN_INFINITE_RECURSION = YES;
				CLANG_WARN_INT_CONVERSION = YES;
				CLANG_WARN_NON_LITERAL_NULL_CONVERSION = YES;
				CLANG_WARN_OBJC_IMPLICIT_RETAIN_SELF = YES;
				CLANG_WARN_OBJC_LITERAL_CONVERSION = YES;
				CLANG_WARN_OBJC_ROOT_CLASS = YES_ERROR;
				CLANG_WARN_RANGE_LOOP_ANALYSIS = YES;
				CLANG_WARN_STRICT_PROTOTYPES = YES;
				CLANG_WARN_SUSPICIOUS_MOVE = YES;
				CLANG_WARN_UNGUARDED_AVAILABILITY = YES_AGGRESSIVE;
				CLANG_WARN_UNREACHABLE_CODE = YES;
				CLANG_WARN__DUPLICATE_METHOD_MATCH = YES;
				CODE_SIGN_IDENTITY = "iPhone Developer";
				COPY_PHASE_STRIP = NO;
				DEBUG_INFORMATION_FORMAT = "dwarf-with-dsym";
				ENABLE_NS_ASSERTIONS = NO;
				ENABLE_STRICT_OBJC_MSGSEND = YES;
				GCC_C_LANGUAGE_STANDARD = gnu11;
				GCC_NO_COMMON_BLOCKS = YES;
				GCC_WARN_64_TO_32_BIT_CONVERSION = YES;
				GCC_WARN_ABOUT_RETURN_TYPE = YES_ERROR;
				GCC_WARN_UNDECLARED_SELECTOR = YES;
				GCC_WARN_UNINITIALIZED_AUTOS = YES_AGGRESSIVE;
				GCC_WARN_UNUSED_FUNCTION = YES;
				GCC_WARN_UNUSED_VARIABLE = YES;
				IPHONEOS_DEPLOYMENT_TARGET = 12.0;
				LD_VERIFY_BITCODE = NO;
				MTL_ENABLE_DEBUG_INFO = NO;
				SDKROOT = iphoneos;
				SWIFT_COMPILATION_MODE = wholemodule;
				SWIFT_OPTIMIZATION_LEVEL = "-O";
				VALIDATE_PRODUCT = YES;
			};
			name = Release;
		};
		2B7503931F31936E007D4AFF /* Debug */ = {
			isa = XCBuildConfiguration;
			buildSettings = {
				ASSETCATALOG_COMPILER_APPICON_NAME = AppIcon;
				COREML_CODEGEN_LANGUAGE = Swift;
				CURRENT_PROJECT_VERSION = 1;
				DEBUG_INFORMATION_FORMAT = "dwarf-with-dsym";
				DEVELOPMENT_TEAM = LS6M2TWH7D;
				INFOPLIST_FILE = Vhista/Base.lproj/Info.plist;
				IPHONEOS_DEPLOYMENT_TARGET = 12.0;
				LD_RUNPATH_SEARCH_PATHS = (
					"$(inherited)",
					"@executable_path/Frameworks",
				);
				MARKETING_VERSION = 4.3.0;
				PRODUCT_BUNDLE_IDENTIFIER = com.juandavidcruz.Vhista;
				PRODUCT_NAME = "$(TARGET_NAME)";
				SWIFT_VERSION = 5.0;
				TARGETED_DEVICE_FAMILY = "1,2";
			};
			name = Debug;
		};
		2B7503941F31936E007D4AFF /* Release */ = {
			isa = XCBuildConfiguration;
			buildSettings = {
				ASSETCATALOG_COMPILER_APPICON_NAME = AppIcon;
				COREML_CODEGEN_LANGUAGE = Swift;
				CURRENT_PROJECT_VERSION = 1;
				DEVELOPMENT_TEAM = LS6M2TWH7D;
				INFOPLIST_FILE = Vhista/Base.lproj/Info.plist;
				IPHONEOS_DEPLOYMENT_TARGET = 12.0;
				LD_RUNPATH_SEARCH_PATHS = (
					"$(inherited)",
					"@executable_path/Frameworks",
				);
				MARKETING_VERSION = 4.3.0;
				PRODUCT_BUNDLE_IDENTIFIER = com.juandavidcruz.Vhista;
				PRODUCT_NAME = "$(TARGET_NAME)";
				SWIFT_VERSION = 5.0;
				TARGETED_DEVICE_FAMILY = "1,2";
			};
			name = Release;
		};
/* End XCBuildConfiguration section */

/* Begin XCConfigurationList section */
		2B75037B1F31936E007D4AFF /* Build configuration list for PBXProject "Vhista" */ = {
			isa = XCConfigurationList;
			buildConfigurations = (
				2B7503901F31936E007D4AFF /* Debug */,
				2B7503911F31936E007D4AFF /* Release */,
			);
			defaultConfigurationIsVisible = 0;
			defaultConfigurationName = Release;
		};
		2B7503921F31936E007D4AFF /* Build configuration list for PBXNativeTarget "Vhista" */ = {
			isa = XCConfigurationList;
			buildConfigurations = (
				2B7503931F31936E007D4AFF /* Debug */,
				2B7503941F31936E007D4AFF /* Release */,
			);
			defaultConfigurationIsVisible = 0;
			defaultConfigurationName = Release;
		};
/* End XCConfigurationList section */

/* Begin XCRemoteSwiftPackageReference section */
		6345D64D25612AE500DD12C5 /* XCRemoteSwiftPackageReference "AFNetworking" */ = {
			isa = XCRemoteSwiftPackageReference;
			repositoryURL = "https://github.com/AFNetworking/AFNetworking.git";
			requirement = {
				kind = upToNextMajorVersion;
				minimumVersion = 4.0.1;
			};
		};
		6345D65125612B3300DD12C5 /* XCRemoteSwiftPackageReference "Alamofire" */ = {
			isa = XCRemoteSwiftPackageReference;
			repositoryURL = "https://github.com/Alamofire/Alamofire.git";
			requirement = {
				kind = upToNextMajorVersion;
				minimumVersion = 5.4.0;
			};
		};
		6345D67425612D7400DD12C5 /* XCRemoteSwiftPackageReference "firebase-ios-sdk" */ = {
			isa = XCRemoteSwiftPackageReference;
			repositoryURL = "https://github.com/firebase/firebase-ios-sdk.git";
			requirement = {
				kind = upToNextMajorVersion;
				minimumVersion = 7.1.0;
			};
		};
/* End XCRemoteSwiftPackageReference section */

/* Begin XCSwiftPackageProductDependency section */
		6345D64E25612AE500DD12C5 /* AFNetworking */ = {
			isa = XCSwiftPackageProductDependency;
			package = 6345D64D25612AE500DD12C5 /* XCRemoteSwiftPackageReference "AFNetworking" */;
			productName = AFNetworking;
		};
		6345D65225612B3300DD12C5 /* Alamofire */ = {
			isa = XCSwiftPackageProductDependency;
			package = 6345D65125612B3300DD12C5 /* XCRemoteSwiftPackageReference "Alamofire" */;
			productName = Alamofire;
		};
		6345D67525612D7400DD12C5 /* FirebaseAnalytics */ = {
			isa = XCSwiftPackageProductDependency;
			package = 6345D67425612D7400DD12C5 /* XCRemoteSwiftPackageReference "firebase-ios-sdk" */;
			productName = FirebaseAnalytics;
		};
		6345D67725612D7400DD12C5 /* FirebaseRemoteConfig */ = {
			isa = XCSwiftPackageProductDependency;
			package = 6345D67425612D7400DD12C5 /* XCRemoteSwiftPackageReference "firebase-ios-sdk" */;
			productName = FirebaseRemoteConfig;
		};
		6345D67925612D7400DD12C5 /* FirebaseCrashlytics */ = {
			isa = XCSwiftPackageProductDependency;
			package = 6345D67425612D7400DD12C5 /* XCRemoteSwiftPackageReference "firebase-ios-sdk" */;
			productName = FirebaseCrashlytics;
		};
/* End XCSwiftPackageProductDependency section */
	};
	rootObject = 2B7503781F31936E007D4AFF /* Project object */;
}
