{
  "object": {
    "pins": [
      {
        "package": "AFNetworking",
        "repositoryURL": "https://github.com/AFNetworking/AFNetworking.git",
        "state": {
          "branch": null,
          "revision": "ffae2391ab0c29dc88eb0a58d2f5b2c2c27cadbf",
          "version": "4.0.1"
        }
      },
      {
        "package": "Alamofire",
        "repositoryURL": "https://github.com/Alamofire/Alamofire.git",
        "state": {
          "branch": null,
          "revision": "9e0328127dfb801cefe8ac53a13c0c90a7770448",
          "version": "5.4.0"
        }
      }
    ]
  },
  "version": 1
}
